
Microsoft Visual Studio Solution File, Format Version 12.00
# Visual Studio 14
VisualStudioVersion = 14.0.25420.1
MinimumVisualStudioVersion = 10.0.40219.1
Project("{FAE04EC0-301F-11D3-BF4B-00C04F79EFBC}") = "Elements", "Elemnts\Elements.csproj", "{71557639-665E-4D5C-8BFA-0F4FFC5F3BBF}"
EndProject
Project("{FAE04EC0-301F-11D3-BF4B-00C04F79EFBC}") = "ConsoleCircuit", "ConsoleCircuit\ConsoleCircuit.csproj", "{84F41624-BE92-4B0D-8868-1B9C365FDEFF}"
EndProject
Project("{FAE04EC0-301F-11D3-BF4B-00C04F79EFBC}") = "CircuitDrawer.View", "ConsoleDrawer.View\CircuitDrawer.View.csproj", "{48405AF7-D257-49A6-975B-F9B207C7C068}"
EndProject
Project("{FAE04EC0-301F-11D3-BF4B-00C04F79EFBC}") = "UnitTests", "UnitTests\UnitTests.csproj", "{C7066DA7-8B11-4D29-86EE-489ADE06630F}"
EndProject
Global
	GlobalSection(SolutionConfigurationPlatforms) = preSolution
		Debug|Any CPU = Debug|Any CPU
		Release|Any CPU = Release|Any CPU
	EndGlobalSection
	GlobalSection(ProjectConfigurationPlatforms) = postSolution
		{71557639-665E-4D5C-8BFA-0F4FFC5F3BBF}.Debug|Any CPU.ActiveCfg = Debug|Any CPU
		{71557639-665E-4D5C-8BFA-0F4FFC5F3BBF}.Debug|Any CPU.Build.0 = Debug|Any CPU
		{71557639-665E-4D5C-8BFA-0F4FFC5F3BBF}.Release|Any CPU.ActiveCfg = Release|Any CPU
		{71557639-665E-4D5C-8BFA-0F4FFC5F3BBF}.Release|Any CPU.Build.0 = Release|Any CPU
		{84F41624-BE92-4B0D-8868-1B9C365FDEFF}.Debug|Any CPU.ActiveCfg = Debug|Any CPU
		{84F41624-BE92-4B0D-8868-1B9C365FDEFF}.Debug|Any CPU.Build.0 = Debug|Any CPU
		{84F41624-BE92-4B0D-8868-1B9C365FDEFF}.Release|Any CPU.ActiveCfg = Release|Any CPU
		{84F41624-BE92-4B0D-8868-1B9C365FDEFF}.Release|Any CPU.Build.0 = Release|Any CPU
		{48405AF7-D257-49A6-975B-F9B207C7C068}.Debug|Any CPU.ActiveCfg = Debug|Any CPU
		{48405AF7-D257-49A6-975B-F9B207C7C068}.Debug|Any CPU.Build.0 = Debug|Any CPU
		{48405AF7-D257-49A6-975B-F9B207C7C068}.Release|Any CPU.ActiveCfg = Release|Any CPU
		{48405AF7-D257-49A6-975B-F9B207C7C068}.Release|Any CPU.Build.0 = Release|Any CPU
		{C7066DA7-8B11-4D29-86EE-489ADE06630F}.Debug|Any CPU.ActiveCfg = Debug|Any CPU
		{C7066DA7-8B11-4D29-86EE-489ADE06630F}.Debug|Any CPU.Build.0 = Debug|Any CPU
		{C7066DA7-8B11-4D29-86EE-489ADE06630F}.Release|Any CPU.ActiveCfg = Release|Any CPU
		{C7066DA7-8B11-4D29-86EE-489ADE06630F}.Release|Any CPU.Build.0 = Release|Any CPU
	EndGlobalSection
	GlobalSection(SolutionProperties) = preSolution
		HideSolutionNode = FALSE
	EndGlobalSection
EndGlobal
